
Microsoft Visual Studio Solution File, Format Version 12.00
# Visual Studio Version 16
VisualStudioVersion = 16.0.34407.143
MinimumVisualStudioVersion = 10.0.40219.1
Project("{FAE04EC0-301F-11D3-BF4B-00C04F79EFBC}") = "ConsoleApp10", "ConsoleApp10\ConsoleApp10.csproj", "{4A8F86C1-9BCD-478E-8E9C-078D8409ABC9}"
EndProject
Global
	GlobalSection(SolutionConfigurationPlatforms) = preSolution
		Debug|Any CPU = Debug|Any CPU
		Release|Any CPU = Release|Any CPU
	EndGlobalSection
	GlobalSection(ProjectConfigurationPlatforms) = postSolution
		{4A8F86C1-9BCD-478E-8E9C-078D8409ABC9}.Debug|Any CPU.ActiveCfg = Debug|Any CPU
		{4A8F86C1-9BCD-478E-8E9C-078D8409ABC9}.Debug|Any CPU.Build.0 = Debug|Any CPU
		{4A8F86C1-9BCD-478E-8E9C-078D8409ABC9}.Release|Any CPU.ActiveCfg = Release|Any CPU
		{4A8F86C1-9BCD-478E-8E9C-078D8409ABC9}.Release|Any CPU.Build.0 = Release|Any CPU
	EndGlobalSection
	GlobalSection(SolutionProperties) = preSolution
		HideSolutionNode = FALSE
	EndGlobalSection
	GlobalSection(ExtensibilityGlobals) = postSolution
		SolutionGuid = {1AEF730A-6F83-4E2E-A9F1-362FACACC3DD}
	EndGlobalSection
EndGlobal
